{
  "object": {
    "pins": [
      {
        "package": "ApprovalTests.Swift",
        "repositoryURL": "https://github.com/approvals/ApprovalTests.Swift",
        "state": {
          "branch": "master",
          "revision": "0edcf5f4119896c87ef3acd8e4a73a9f80a2bcdb",
          "version": null
        }
      }
    ]
  },
  "version": 1
}
