{
  "object": {
    "pins": [
      {
        "package": "ApprovalTests.Swift",
        "repositoryURL": "https://github.com/approvals/ApprovalTests.Swift",
        "state": {
          "branch": "master",
          "revision": "fd5e775199d0844c6e5995531bc3d4815ab249ac",
          "version": null
        }
      }
    ]
  },
  "version": 1
}
